PODS:
  - Realm (10.28.4):
    - Realm/Headers (= 10.28.4)
  - Realm/Headers (10.28.4)
  - RealmSwift (10.28.4):
    - Realm (= 10.28.4)

DEPENDENCIES:
  - RealmSwift (~> 10)

SPEC REPOS:
  trunk:
    - Realm
    - RealmSwift

SPEC CHECKSUMS:
  Realm: 8ab5176275b4123e84383b33385d47f09507acac
  RealmSwift: 0851105ca8c6d5722678c98e4d4e53637d1704c8

PODFILE CHECKSUM: b516c3957616c8d81b8929ac509d90d1be4429b1

COCOAPODS: 1.11.3
